
Microsoft Visual Studio Solution File, Format Version 12.00
# Visual Studio Version 17
VisualStudioVersion = 17.3.32825.248
MinimumVisualStudioVersion = 10.0.40219.1
Project("{9A19103F-16F7-4668-BE54-9A1E7A4F7556}") = "JustMeetWebService", "JustMeetWebService\JustMeetWebService.csproj", "{19E89D09-EB77-4182-A159-5480436E2394}"
EndProject
Global
	GlobalSection(SolutionConfigurationPlatforms) = preSolution
		Debug|Any CPU = Debug|Any CPU
		Release|Any CPU = Release|Any CPU
	EndGlobalSection
	GlobalSection(ProjectConfigurationPlatforms) = postSolution
		{19E89D09-EB77-4182-A159-5480436E2394}.Debug|Any CPU.ActiveCfg = Debug|Any CPU
		{19E89D09-EB77-4182-A159-5480436E2394}.Debug|Any CPU.Build.0 = Debug|Any CPU
		{19E89D09-EB77-4182-A159-5480436E2394}.Release|Any CPU.ActiveCfg = Release|Any CPU
		{19E89D09-EB77-4182-A159-5480436E2394}.Release|Any CPU.Build.0 = Release|Any CPU
	EndGlobalSection
	GlobalSection(SolutionProperties) = preSolution
		HideSolutionNode = FALSE
	EndGlobalSection
	GlobalSection(ExtensibilityGlobals) = postSolution
		SolutionGuid = {8A1A6AE4-476D-4066-BF70-79415C0DF925}
	EndGlobalSection
EndGlobal
